
Microsoft Visual Studio Solution File, Format Version 12.00
# Visual Studio Version 17
VisualStudioVersion = 17.0.32112.339
MinimumVisualStudioVersion = 10.0.40219.1
Project("{9A19103F-16F7-4668-BE54-9A1E7A4F7556}") = "Kashkeshet.Common", "Kashkeshet.Common\Kashkeshet.Common.csproj", "{0E0CCA59-CF7B-4F3B-94CB-D089E29A2340}"
EndProject
Project("{2150E333-8FDC-42A3-9474-1A3956D46DE8}") = "Common", "Common", "{63A9F583-AFA0-461E-9C97-A4D7E3CC56C9}"
EndProject
Project("{2150E333-8FDC-42A3-9474-1A3956D46DE8}") = "Solution Items", "Solution Items", "{75A14504-545E-441A-A26B-1E1514482B70}"
	ProjectSection(SolutionItems) = preProject
		README.md = README.md
	EndProjectSection
EndProject
Project("{2150E333-8FDC-42A3-9474-1A3956D46DE8}") = "Server", "Server", "{D1E59B26-8458-4644-9EE7-3E6DA6601E7F}"
EndProject
Project("{2150E333-8FDC-42A3-9474-1A3956D46DE8}") = "BL", "BL", "{14A5BDB4-3197-4A04-BD92-F449AF39244E}"
EndProject
Project("{9A19103F-16F7-4668-BE54-9A1E7A4F7556}") = "Server.BL", "Server.BL\Server.BL.csproj", "{6800C57A-D646-43F7-A6E2-8FDD0B676EBF}"
EndProject
Project("{2150E333-8FDC-42A3-9474-1A3956D46DE8}") = "UI", "UI", "{0D52C9E2-A8C1-4C7D-A96B-B282F3C9E702}"
EndProject
Project("{9A19103F-16F7-4668-BE54-9A1E7A4F7556}") = "Server.ConsoleUI", "Server.ConsoleUI\Server.ConsoleUI.csproj", "{E47C8DCA-9FF2-4236-B244-72BADA91709C}"
EndProject
Project("{2150E333-8FDC-42A3-9474-1A3956D46DE8}") = "Client", "Client", "{A21B633A-10EA-4BAC-AC53-E38E2F29A219}"
EndProject
Project("{2150E333-8FDC-42A3-9474-1A3956D46DE8}") = "BL", "BL", "{2378349B-7C01-4A52-BE3D-0C10E5695D2F}"
EndProject
Project("{9A19103F-16F7-4668-BE54-9A1E7A4F7556}") = "Client.BL", "Client.BL\Client.BL.csproj", "{B39606EE-9384-42D5-9976-DEBF523E964D}"
EndProject
Project("{2150E333-8FDC-42A3-9474-1A3956D46DE8}") = "UI", "UI", "{3E47EAAE-2DF6-4009-9946-FB9E4DB36610}"
EndProject
Project("{FAE04EC0-301F-11D3-BF4B-00C04F79EFBC}") = "Client.ConsoleUI", "Client.ConsoleUI\Client.ConsoleUI.csproj", "{A9A744E8-3861-4B09-BD72-6F681D63CC45}"
EndProject
Global
	GlobalSection(SolutionConfigurationPlatforms) = preSolution
		Debug|Any CPU = Debug|Any CPU
		Release|Any CPU = Release|Any CPU
	EndGlobalSection
	GlobalSection(ProjectConfigurationPlatforms) = postSolution
		{0E0CCA59-CF7B-4F3B-94CB-D089E29A2340}.Debug|Any CPU.ActiveCfg = Debug|Any CPU
		{0E0CCA59-CF7B-4F3B-94CB-D089E29A2340}.Debug|Any CPU.Build.0 = Debug|Any CPU
		{0E0CCA59-CF7B-4F3B-94CB-D089E29A2340}.Release|Any CPU.ActiveCfg = Release|Any CPU
		{0E0CCA59-CF7B-4F3B-94CB-D089E29A2340}.Release|Any CPU.Build.0 = Release|Any CPU
		{6800C57A-D646-43F7-A6E2-8FDD0B676EBF}.Debug|Any CPU.ActiveCfg = Debug|Any CPU
		{6800C57A-D646-43F7-A6E2-8FDD0B676EBF}.Debug|Any CPU.Build.0 = Debug|Any CPU
		{6800C57A-D646-43F7-A6E2-8FDD0B676EBF}.Release|Any CPU.ActiveCfg = Release|Any CPU
		{6800C57A-D646-43F7-A6E2-8FDD0B676EBF}.Release|Any CPU.Build.0 = Release|Any CPU
		{E47C8DCA-9FF2-4236-B244-72BADA91709C}.Debug|Any CPU.ActiveCfg = Debug|Any CPU
		{E47C8DCA-9FF2-4236-B244-72BADA91709C}.Debug|Any CPU.Build.0 = Debug|Any CPU
		{E47C8DCA-9FF2-4236-B244-72BADA91709C}.Release|Any CPU.ActiveCfg = Release|Any CPU
		{E47C8DCA-9FF2-4236-B244-72BADA91709C}.Release|Any CPU.Build.0 = Release|Any CPU
		{B39606EE-9384-42D5-9976-DEBF523E964D}.Debug|Any CPU.ActiveCfg = Debug|Any CPU
		{B39606EE-9384-42D5-9976-DEBF523E964D}.Debug|Any CPU.Build.0 = Debug|Any CPU
		{B39606EE-9384-42D5-9976-DEBF523E964D}.Release|Any CPU.ActiveCfg = Release|Any CPU
		{B39606EE-9384-42D5-9976-DEBF523E964D}.Release|Any CPU.Build.0 = Release|Any CPU
		{A9A744E8-3861-4B09-BD72-6F681D63CC45}.Debug|Any CPU.ActiveCfg = Debug|Any CPU
		{A9A744E8-3861-4B09-BD72-6F681D63CC45}.Debug|Any CPU.Build.0 = Debug|Any CPU
		{A9A744E8-3861-4B09-BD72-6F681D63CC45}.Release|Any CPU.ActiveCfg = Release|Any CPU
		{A9A744E8-3861-4B09-BD72-6F681D63CC45}.Release|Any CPU.Build.0 = Release|Any CPU
	EndGlobalSection
	GlobalSection(SolutionProperties) = preSolution
		HideSolutionNode = FALSE
	EndGlobalSection
	GlobalSection(NestedProjects) = preSolution
		{0E0CCA59-CF7B-4F3B-94CB-D089E29A2340} = {63A9F583-AFA0-461E-9C97-A4D7E3CC56C9}
		{14A5BDB4-3197-4A04-BD92-F449AF39244E} = {D1E59B26-8458-4644-9EE7-3E6DA6601E7F}
		{6800C57A-D646-43F7-A6E2-8FDD0B676EBF} = {14A5BDB4-3197-4A04-BD92-F449AF39244E}
		{0D52C9E2-A8C1-4C7D-A96B-B282F3C9E702} = {D1E59B26-8458-4644-9EE7-3E6DA6601E7F}
		{E47C8DCA-9FF2-4236-B244-72BADA91709C} = {0D52C9E2-A8C1-4C7D-A96B-B282F3C9E702}
		{2378349B-7C01-4A52-BE3D-0C10E5695D2F} = {A21B633A-10EA-4BAC-AC53-E38E2F29A219}
		{B39606EE-9384-42D5-9976-DEBF523E964D} = {2378349B-7C01-4A52-BE3D-0C10E5695D2F}
		{3E47EAAE-2DF6-4009-9946-FB9E4DB36610} = {A21B633A-10EA-4BAC-AC53-E38E2F29A219}
		{A9A744E8-3861-4B09-BD72-6F681D63CC45} = {3E47EAAE-2DF6-4009-9946-FB9E4DB36610}
	EndGlobalSection
	GlobalSection(ExtensibilityGlobals) = postSolution
		SolutionGuid = {891DB655-CC03-41F7-A803-EE3B12D47B47}
	EndGlobalSection
EndGlobal
