
Microsoft Visual Studio Solution File, Format Version 12.00
# Visual Studio Version 17
VisualStudioVersion = 17.0.32112.339
MinimumVisualStudioVersion = 10.0.40219.1
Project("{FAE04EC0-301F-11D3-BF4B-00C04F79EFBC}") = "Kashkeshet.Common", "Kashkeshet.Common\Kashkeshet.Common.csproj", "{0E0CCA59-CF7B-4F3B-94CB-D089E29A2340}"
EndProject
Project("{2150E333-8FDC-42A3-9474-1A3956D46DE8}") = "Common", "Common", "{63A9F583-AFA0-461E-9C97-A4D7E3CC56C9}"
EndProject
Project("{2150E333-8FDC-42A3-9474-1A3956D46DE8}") = "Solution Items", "Solution Items", "{75A14504-545E-441A-A26B-1E1514482B70}"
	ProjectSection(SolutionItems) = preProject
		README.md = README.md
	EndProjectSection
EndProject
Global
	GlobalSection(SolutionConfigurationPlatforms) = preSolution
		Debug|Any CPU = Debug|Any CPU
		Release|Any CPU = Release|Any CPU
	EndGlobalSection
	GlobalSection(ProjectConfigurationPlatforms) = postSolution
		{0E0CCA59-CF7B-4F3B-94CB-D089E29A2340}.Debug|Any CPU.ActiveCfg = Debug|Any CPU
		{0E0CCA59-CF7B-4F3B-94CB-D089E29A2340}.Debug|Any CPU.Build.0 = Debug|Any CPU
		{0E0CCA59-CF7B-4F3B-94CB-D089E29A2340}.Release|Any CPU.ActiveCfg = Release|Any CPU
		{0E0CCA59-CF7B-4F3B-94CB-D089E29A2340}.Release|Any CPU.Build.0 = Release|Any CPU
	EndGlobalSection
	GlobalSection(SolutionProperties) = preSolution
		HideSolutionNode = FALSE
	EndGlobalSection
	GlobalSection(NestedProjects) = preSolution
		{0E0CCA59-CF7B-4F3B-94CB-D089E29A2340} = {63A9F583-AFA0-461E-9C97-A4D7E3CC56C9}
	EndGlobalSection
	GlobalSection(ExtensibilityGlobals) = postSolution
		SolutionGuid = {891DB655-CC03-41F7-A803-EE3B12D47B47}
	EndGlobalSection
EndGlobal
